# This file is automatically @generated by Cargo.
# It is not intended for manual editing.
version = 3

[[package]]
name = "anyhow"
version = "1.0.65"
source = "registry+https://github.com/rust-lang/crates.io-index"
checksum = "98161a4e3e2184da77bb14f02184cdd111e83bbbcc9979dfee3c44b9a85f5602"

[[package]]
name = "assert-str"
version = "0.1.0"
source = "registry+https://github.com/rust-lang/crates.io-index"
checksum = "6eff46575e86b852295e41df8599e94a910b1136c6af2821df9925f3cf8a1389"

[[package]]
name = "rustinstall"
version = "0.1.0"
dependencies = [
 "anyhow",
 "assert-str",
]
